
Microsoft Visual Studio Solution File, Format Version 12.00
# Visual Studio Version 17
VisualStudioVersion = 17.11.35222.181
MinimumVisualStudioVersion = 10.0.40219.1
Project("{FAE04EC0-301F-11D3-BF4B-00C04F79EFBC}") = "NascarAPI", "NascarAPI.csproj", "{EDA5CDBE-A493-404C-8178-DAF5B5B96D83}"
EndProject
Global
	GlobalSection(SolutionConfigurationPlatforms) = preSolution
		Debug|Any CPU = Debug|Any CPU
		Release|Any CPU = Release|Any CPU
	EndGlobalSection
	GlobalSection(ProjectConfigurationPlatforms) = postSolution
		{EDA5CDBE-A493-404C-8178-DAF5B5B96D83}.Debug|Any CPU.ActiveCfg = Debug|Any CPU
		{EDA5CDBE-A493-404C-8178-DAF5B5B96D83}.Debug|Any CPU.Build.0 = Debug|Any CPU
		{EDA5CDBE-A493-404C-8178-DAF5B5B96D83}.Release|Any CPU.ActiveCfg = Release|Any CPU
		{EDA5CDBE-A493-404C-8178-DAF5B5B96D83}.Release|Any CPU.Build.0 = Release|Any CPU
	EndGlobalSection
	GlobalSection(SolutionProperties) = preSolution
		HideSolutionNode = FALSE
	EndGlobalSection
	GlobalSection(ExtensibilityGlobals) = postSolution
		SolutionGuid = {E5FD7DB3-3973-4C29-891A-9231F5F864F4}
	EndGlobalSection
EndGlobal
